
Microsoft Visual Studio Solution File, Format Version 12.00
# Visual Studio Version 17
VisualStudioVersion = 17.9.34622.214
MinimumVisualStudioVersion = 10.0.40219.1
Project("{FAE04EC0-301F-11D3-BF4B-00C04F79EFBC}") = "Energy360_Info", "Energy360_Info\Energy360_Info.csproj", "{AF118589-DBFB-4AD1-B902-EE40EACECE66}"
EndProject
Project("{FAE04EC0-301F-11D3-BF4B-00C04F79EFBC}") = "Data", "Data\Data.csproj", "{72C3AC70-A7F4-4683-858C-48AEA15EDDA2}"
EndProject
Project("{FAE04EC0-301F-11D3-BF4B-00C04F79EFBC}") = "Model", "Model\Model.csproj", "{D871E660-019A-4170-A2C7-946C41DEF9EA}"
EndProject
Project("{2150E333-8FDC-42A3-9474-1A3956D46DE8}") = "1-API", "1-API", "{825D9DCF-7C2B-48BD-A61E-F1D9D9487A96}"
EndProject
Project("{2150E333-8FDC-42A3-9474-1A3956D46DE8}") = "2-DATA", "2-DATA", "{1DB70462-3612-4903-809A-56342944F51E}"
EndProject
Project("{2150E333-8FDC-42A3-9474-1A3956D46DE8}") = "3-MODEL", "3-MODEL", "{1B8DDC68-4C5E-4279-9A6E-D1EE36DD51DF}"
EndProject
Global
	GlobalSection(SolutionConfigurationPlatforms) = preSolution
		Debug|Any CPU = Debug|Any CPU
		Release|Any CPU = Release|Any CPU
	EndGlobalSection
	GlobalSection(ProjectConfigurationPlatforms) = postSolution
		{AF118589-DBFB-4AD1-B902-EE40EACECE66}.Debug|Any CPU.ActiveCfg = Debug|Any CPU
		{AF118589-DBFB-4AD1-B902-EE40EACECE66}.Debug|Any CPU.Build.0 = Debug|Any CPU
		{AF118589-DBFB-4AD1-B902-EE40EACECE66}.Release|Any CPU.ActiveCfg = Release|Any CPU
		{AF118589-DBFB-4AD1-B902-EE40EACECE66}.Release|Any CPU.Build.0 = Release|Any CPU
		{72C3AC70-A7F4-4683-858C-48AEA15EDDA2}.Debug|Any CPU.ActiveCfg = Debug|Any CPU
		{72C3AC70-A7F4-4683-858C-48AEA15EDDA2}.Debug|Any CPU.Build.0 = Debug|Any CPU
		{72C3AC70-A7F4-4683-858C-48AEA15EDDA2}.Release|Any CPU.ActiveCfg = Release|Any CPU
		{72C3AC70-A7F4-4683-858C-48AEA15EDDA2}.Release|Any CPU.Build.0 = Release|Any CPU
		{D871E660-019A-4170-A2C7-946C41DEF9EA}.Debug|Any CPU.ActiveCfg = Debug|Any CPU
		{D871E660-019A-4170-A2C7-946C41DEF9EA}.Debug|Any CPU.Build.0 = Debug|Any CPU
		{D871E660-019A-4170-A2C7-946C41DEF9EA}.Release|Any CPU.ActiveCfg = Release|Any CPU
		{D871E660-019A-4170-A2C7-946C41DEF9EA}.Release|Any CPU.Build.0 = Release|Any CPU
	EndGlobalSection
	GlobalSection(SolutionProperties) = preSolution
		HideSolutionNode = FALSE
	EndGlobalSection
	GlobalSection(NestedProjects) = preSolution
		{AF118589-DBFB-4AD1-B902-EE40EACECE66} = {825D9DCF-7C2B-48BD-A61E-F1D9D9487A96}
		{72C3AC70-A7F4-4683-858C-48AEA15EDDA2} = {1DB70462-3612-4903-809A-56342944F51E}
		{D871E660-019A-4170-A2C7-946C41DEF9EA} = {1B8DDC68-4C5E-4279-9A6E-D1EE36DD51DF}
	EndGlobalSection
	GlobalSection(ExtensibilityGlobals) = postSolution
		SolutionGuid = {427244A8-5857-48F2-A21F-6E8CBCB6968D}
	EndGlobalSection
EndGlobal
